
Microsoft Visual Studio Solution File, Format Version 12.00
# Visual Studio Version 17
VisualStudioVersion = 17.13.35931.197 d17.13
MinimumVisualStudioVersion = 10.0.40219.1
Project("{2150E333-8FDC-42A3-9474-1A3956D46DE8}") = "Modules", "Modules", "{D3260275-56B6-48E3-92E7-3C1BEF1C6B95}"
EndProject
Project("{FAE04EC0-301F-11D3-BF4B-00C04F79EFBC}") = "RemotePythonExecutionTestApp.Modules.ModuleName", "RemotePythonExecutionTestApp\Modules\RemotePythonExecutionTestApp.Modules.ModuleName\RemotePythonExecutionTestApp.Modules.ModuleName.csproj", "{E4AD148F-2273-2C40-1A9B-CB50D314B474}"
EndProject
Project("{2150E333-8FDC-42A3-9474-1A3956D46DE8}") = "Services", "Services", "{A63ABADF-CF90-45EF-99D5-03199491A2D0}"
EndProject
Project("{FAE04EC0-301F-11D3-BF4B-00C04F79EFBC}") = "RemotePythonExecutionTestApp.Services", "RemotePythonExecutionTestApp\Services\RemotePythonExecutionTestApp.Services\RemotePythonExecutionTestApp.Services.csproj", "{87C79734-1858-C7AA-C868-0749740FA745}"
EndProject
Project("{FAE04EC0-301F-11D3-BF4B-00C04F79EFBC}") = "RemotePythonExecutionTestApp.Services.Interfaces", "RemotePythonExecutionTestApp\Services\RemotePythonExecutionTestApp.Services.Interfaces\RemotePythonExecutionTestApp.Services.Interfaces.csproj", "{42D5B346-0C1A-08CC-6224-B60E83209DE8}"
EndProject
Project("{FAE04EC0-301F-11D3-BF4B-00C04F79EFBC}") = "RemotePythonExecutionTestApp", "RemotePythonExecutionTestApp\RemotePythonExecutionTestApp\RemotePythonExecutionTestApp.csproj", "{D1E6FF44-51EB-A96B-91D4-038E5986A5CE}"
EndProject
Project("{FAE04EC0-301F-11D3-BF4B-00C04F79EFBC}") = "RemotePythonExecutionTestApp.Core", "RemotePythonExecutionTestApp\RemotePythonExecutionTestApp.Core\RemotePythonExecutionTestApp.Core.csproj", "{A13F8C7E-B862-AFD0-4135-B05D45E73F87}"
EndProject
Global
	GlobalSection(SolutionConfigurationPlatforms) = preSolution
		Debug|Any CPU = Debug|Any CPU
		Release|Any CPU = Release|Any CPU
	EndGlobalSection
	GlobalSection(ProjectConfigurationPlatforms) = postSolution
		{E4AD148F-2273-2C40-1A9B-CB50D314B474}.Debug|Any CPU.ActiveCfg = Debug|Any CPU
		{E4AD148F-2273-2C40-1A9B-CB50D314B474}.Debug|Any CPU.Build.0 = Debug|Any CPU
		{E4AD148F-2273-2C40-1A9B-CB50D314B474}.Release|Any CPU.ActiveCfg = Release|Any CPU
		{E4AD148F-2273-2C40-1A9B-CB50D314B474}.Release|Any CPU.Build.0 = Release|Any CPU
		{87C79734-1858-C7AA-C868-0749740FA745}.Debug|Any CPU.ActiveCfg = Debug|Any CPU
		{87C79734-1858-C7AA-C868-0749740FA745}.Debug|Any CPU.Build.0 = Debug|Any CPU
		{87C79734-1858-C7AA-C868-0749740FA745}.Release|Any CPU.ActiveCfg = Release|Any CPU
		{87C79734-1858-C7AA-C868-0749740FA745}.Release|Any CPU.Build.0 = Release|Any CPU
		{42D5B346-0C1A-08CC-6224-B60E83209DE8}.Debug|Any CPU.ActiveCfg = Debug|Any CPU
		{42D5B346-0C1A-08CC-6224-B60E83209DE8}.Debug|Any CPU.Build.0 = Debug|Any CPU
		{42D5B346-0C1A-08CC-6224-B60E83209DE8}.Release|Any CPU.ActiveCfg = Release|Any CPU
		{42D5B346-0C1A-08CC-6224-B60E83209DE8}.Release|Any CPU.Build.0 = Release|Any CPU
		{D1E6FF44-51EB-A96B-91D4-038E5986A5CE}.Debug|Any CPU.ActiveCfg = Debug|Any CPU
		{D1E6FF44-51EB-A96B-91D4-038E5986A5CE}.Debug|Any CPU.Build.0 = Debug|Any CPU
		{D1E6FF44-51EB-A96B-91D4-038E5986A5CE}.Release|Any CPU.ActiveCfg = Release|Any CPU
		{D1E6FF44-51EB-A96B-91D4-038E5986A5CE}.Release|Any CPU.Build.0 = Release|Any CPU
		{A13F8C7E-B862-AFD0-4135-B05D45E73F87}.Debug|Any CPU.ActiveCfg = Debug|Any CPU
		{A13F8C7E-B862-AFD0-4135-B05D45E73F87}.Debug|Any CPU.Build.0 = Debug|Any CPU
		{A13F8C7E-B862-AFD0-4135-B05D45E73F87}.Release|Any CPU.ActiveCfg = Release|Any CPU
		{A13F8C7E-B862-AFD0-4135-B05D45E73F87}.Release|Any CPU.Build.0 = Release|Any CPU
	EndGlobalSection
	GlobalSection(SolutionProperties) = preSolution
		HideSolutionNode = FALSE
	EndGlobalSection
	GlobalSection(NestedProjects) = preSolution
		{E4AD148F-2273-2C40-1A9B-CB50D314B474} = {D3260275-56B6-48E3-92E7-3C1BEF1C6B95}
		{87C79734-1858-C7AA-C868-0749740FA745} = {A63ABADF-CF90-45EF-99D5-03199491A2D0}
		{42D5B346-0C1A-08CC-6224-B60E83209DE8} = {A63ABADF-CF90-45EF-99D5-03199491A2D0}
	EndGlobalSection
	GlobalSection(ExtensibilityGlobals) = postSolution
		SolutionGuid = {9E675FE9-7332-4F6A-8B8F-4619A1F5A82E}
	EndGlobalSection
EndGlobal
